
Microsoft Visual Studio Solution File, Format Version 12.00
# Visual Studio 2013
VisualStudioVersion = 12.0.30501.0
MinimumVisualStudioVersion = 10.0.40219.1
Project("{FAE04EC0-301F-11D3-BF4B-00C04F79EFBC}") = "Paper2", "Paper2\Paper2.csproj", "{D81D4D17-2FDB-4964-B6A0-CBC9A49AABDD}"
EndProject
Global
	GlobalSection(SolutionConfigurationPlatforms) = preSolution
		Debug|Any CPU = Debug|Any CPU
		Release|Any CPU = Release|Any CPU
	EndGlobalSection
	GlobalSection(ProjectConfigurationPlatforms) = postSolution
		{D81D4D17-2FDB-4964-B6A0-CBC9A49AABDD}.Debug|Any CPU.ActiveCfg = Debug|Any CPU
		{D81D4D17-2FDB-4964-B6A0-CBC9A49AABDD}.Debug|Any CPU.Build.0 = Debug|Any CPU
		{D81D4D17-2FDB-4964-B6A0-CBC9A49AABDD}.Release|Any CPU.ActiveCfg = Release|Any CPU
		{D81D4D17-2FDB-4964-B6A0-CBC9A49AABDD}.Release|Any CPU.Build.0 = Release|Any CPU
	EndGlobalSection
	GlobalSection(SolutionProperties) = preSolution
		HideSolutionNode = FALSE
	EndGlobalSection
EndGlobal
